
Microsoft Visual Studio Solution File, Format Version 12.00
Project("{F2A71F9B-5D33-465A-A702-920D77279786}") = "NumIntegration", "NumIntegration\NumIntegration.fsproj", "{81A035B8-2D9E-4431-A7DD-370FC7F15E31}"
EndProject
Project("{F2A71F9B-5D33-465A-A702-920D77279786}") = "CreditRiskPlus", "CreditRiskPlus\CreditRiskPlus.fsproj", "{FDD7246B-5425-4BE8-B72B-912C10245E68}"
EndProject
Global
	GlobalSection(SolutionConfigurationPlatforms) = preSolution
		Debug|Any CPU = Debug|Any CPU
		Release|Any CPU = Release|Any CPU
	EndGlobalSection
	GlobalSection(ProjectConfigurationPlatforms) = postSolution
		{81A035B8-2D9E-4431-A7DD-370FC7F15E31}.Debug|Any CPU.ActiveCfg = Debug|Any CPU
		{81A035B8-2D9E-4431-A7DD-370FC7F15E31}.Debug|Any CPU.Build.0 = Debug|Any CPU
		{81A035B8-2D9E-4431-A7DD-370FC7F15E31}.Release|Any CPU.ActiveCfg = Release|Any CPU
		{81A035B8-2D9E-4431-A7DD-370FC7F15E31}.Release|Any CPU.Build.0 = Release|Any CPU
		{FDD7246B-5425-4BE8-B72B-912C10245E68}.Debug|Any CPU.ActiveCfg = Debug|Any CPU
		{FDD7246B-5425-4BE8-B72B-912C10245E68}.Debug|Any CPU.Build.0 = Debug|Any CPU
		{FDD7246B-5425-4BE8-B72B-912C10245E68}.Release|Any CPU.ActiveCfg = Release|Any CPU
		{FDD7246B-5425-4BE8-B72B-912C10245E68}.Release|Any CPU.Build.0 = Release|Any CPU
	EndGlobalSection
EndGlobal
